
Microsoft Visual Studio Solution File, Format Version 12.00
# Visual Studio 14
VisualStudioVersion = 14.0.24720.0
MinimumVisualStudioVersion = 10.0.40219.1
Project("{FAE04EC0-301F-11D3-BF4B-00C04F79EFBC}") = "Sshfs", "Sshfs\Sshfs.csproj", "{FF4FC8BB-91A3-45FF-8449-650647610394}"
EndProject
Project("{FAE04EC0-301F-11D3-BF4B-00C04F79EFBC}") = "FSTester", "FSTester\FSTester.csproj", "{1B5533B8-DFCD-4F19-9EAB-438633E7C00B}"
EndProject
Project("{FAE04EC0-301F-11D3-BF4B-00C04F79EFBC}") = "Renci.SshNet", "..\SSH.NET\src\Renci.SshNet\Renci.SshNet.csproj", "{2F5F8C90-0BD1-424F-997C-7BC6280919D1}"
EndProject
Project("{930C7802-8A8C-48F9-8165-68863BCCD9DD}") = "WinSshFs Installer", "WinSSHFS-setup\WinSshFs Installer.wixproj", "{9552311D-F6B4-43F6-8859-7C3B41A4311D}"
EndProject
Global
	GlobalSection(SolutionConfigurationPlatforms) = preSolution
		Debug|Any CPU = Debug|Any CPU
		Debug|Mixed Platforms = Debug|Mixed Platforms
		Debug|x64 = Debug|x64
		Debug|x86 = Debug|x86
		DebugNoTimeout|Any CPU = DebugNoTimeout|Any CPU
		DebugNoTimeout|Mixed Platforms = DebugNoTimeout|Mixed Platforms
		DebugNoTimeout|x64 = DebugNoTimeout|x64
		DebugNoTimeout|x86 = DebugNoTimeout|x86
		Release|Any CPU = Release|Any CPU
		Release|Mixed Platforms = Release|Mixed Platforms
		Release|x64 = Release|x64
		Release|x86 = Release|x86
		ReleaseFW2|Any CPU = ReleaseFW2|Any CPU
		ReleaseFW2|Mixed Platforms = ReleaseFW2|Mixed Platforms
		ReleaseFW2|x64 = ReleaseFW2|x64
		ReleaseFW2|x86 = ReleaseFW2|x86
	EndGlobalSection
	GlobalSection(ProjectConfigurationPlatforms) = postSolution
		{FF4FC8BB-91A3-45FF-8449-650647610394}.Debug|Any CPU.ActiveCfg = Debug|x86
		{FF4FC8BB-91A3-45FF-8449-650647610394}.Debug|Any CPU.Build.0 = Debug|x86
		{FF4FC8BB-91A3-45FF-8449-650647610394}.Debug|Mixed Platforms.ActiveCfg = Debug|x86
		{FF4FC8BB-91A3-45FF-8449-650647610394}.Debug|Mixed Platforms.Build.0 = Debug|x86
		{FF4FC8BB-91A3-45FF-8449-650647610394}.Debug|x64.ActiveCfg = Debug|x64
		{FF4FC8BB-91A3-45FF-8449-650647610394}.Debug|x64.Build.0 = Debug|x64
		{FF4FC8BB-91A3-45FF-8449-650647610394}.Debug|x86.ActiveCfg = Debug|x86
		{FF4FC8BB-91A3-45FF-8449-650647610394}.Debug|x86.Build.0 = Debug|x86
		{FF4FC8BB-91A3-45FF-8449-650647610394}.DebugNoTimeout|Any CPU.ActiveCfg = Debug|x86
		{FF4FC8BB-91A3-45FF-8449-650647610394}.DebugNoTimeout|Mixed Platforms.ActiveCfg = Debug|x86
		{FF4FC8BB-91A3-45FF-8449-650647610394}.DebugNoTimeout|Mixed Platforms.Build.0 = Debug|x86
		{FF4FC8BB-91A3-45FF-8449-650647610394}.DebugNoTimeout|x64.ActiveCfg = Debug|x64
		{FF4FC8BB-91A3-45FF-8449-650647610394}.DebugNoTimeout|x64.Build.0 = Debug|x64
		{FF4FC8BB-91A3-45FF-8449-650647610394}.DebugNoTimeout|x86.ActiveCfg = Debug|x86
		{FF4FC8BB-91A3-45FF-8449-650647610394}.DebugNoTimeout|x86.Build.0 = Debug|x86
		{FF4FC8BB-91A3-45FF-8449-650647610394}.Release|Any CPU.ActiveCfg = Release|x86
		{FF4FC8BB-91A3-45FF-8449-650647610394}.Release|Mixed Platforms.ActiveCfg = Release|x86
		{FF4FC8BB-91A3-45FF-8449-650647610394}.Release|Mixed Platforms.Build.0 = Release|x86
		{FF4FC8BB-91A3-45FF-8449-650647610394}.Release|x64.ActiveCfg = Release|x64
		{FF4FC8BB-91A3-45FF-8449-650647610394}.Release|x64.Build.0 = Release|x64
		{FF4FC8BB-91A3-45FF-8449-650647610394}.Release|x86.ActiveCfg = Release|x86
		{FF4FC8BB-91A3-45FF-8449-650647610394}.Release|x86.Build.0 = Release|x86
		{FF4FC8BB-91A3-45FF-8449-650647610394}.ReleaseFW2|Any CPU.ActiveCfg = Release|x86
		{FF4FC8BB-91A3-45FF-8449-650647610394}.ReleaseFW2|Mixed Platforms.ActiveCfg = Release|x86
		{FF4FC8BB-91A3-45FF-8449-650647610394}.ReleaseFW2|Mixed Platforms.Build.0 = Release|x86
		{FF4FC8BB-91A3-45FF-8449-650647610394}.ReleaseFW2|x64.ActiveCfg = Release|x64
		{FF4FC8BB-91A3-45FF-8449-650647610394}.ReleaseFW2|x64.Build.0 = Release|x64
		{FF4FC8BB-91A3-45FF-8449-650647610394}.ReleaseFW2|x86.ActiveCfg = Release|x86
		{FF4FC8BB-91A3-45FF-8449-650647610394}.ReleaseFW2|x86.Build.0 = Release|x86
		{1B5533B8-DFCD-4F19-9EAB-438633E7C00B}.Debug|Any CPU.ActiveCfg = Debug|Any CPU
		{1B5533B8-DFCD-4F19-9EAB-438633E7C00B}.Debug|Any CPU.Build.0 = Debug|Any CPU
		{1B5533B8-DFCD-4F19-9EAB-438633E7C00B}.Debug|Mixed Platforms.ActiveCfg = Debug|Any CPU
		{1B5533B8-DFCD-4F19-9EAB-438633E7C00B}.Debug|Mixed Platforms.Build.0 = Debug|Any CPU
		{1B5533B8-DFCD-4F19-9EAB-438633E7C00B}.Debug|x64.ActiveCfg = Debug|Any CPU
		{1B5533B8-DFCD-4F19-9EAB-438633E7C00B}.Debug|x64.Build.0 = Debug|Any CPU
		{1B5533B8-DFCD-4F19-9EAB-438633E7C00B}.Debug|x86.ActiveCfg = Debug|Any CPU
		{1B5533B8-DFCD-4F19-9EAB-438633E7C00B}.Debug|x86.Build.0 = Debug|Any CPU
		{1B5533B8-DFCD-4F19-9EAB-438633E7C00B}.DebugNoTimeout|Any CPU.ActiveCfg = Debug|Any CPU
		{1B5533B8-DFCD-4F19-9EAB-438633E7C00B}.DebugNoTimeout|Any CPU.Build.0 = Debug|Any CPU
		{1B5533B8-DFCD-4F19-9EAB-438633E7C00B}.DebugNoTimeout|Mixed Platforms.ActiveCfg = Debug|Any CPU
		{1B5533B8-DFCD-4F19-9EAB-438633E7C00B}.DebugNoTimeout|Mixed Platforms.Build.0 = Debug|Any CPU
		{1B5533B8-DFCD-4F19-9EAB-438633E7C00B}.DebugNoTimeout|x64.ActiveCfg = Debug|Any CPU
		{1B5533B8-DFCD-4F19-9EAB-438633E7C00B}.DebugNoTimeout|x64.Build.0 = Debug|Any CPU
		{1B5533B8-DFCD-4F19-9EAB-438633E7C00B}.DebugNoTimeout|x86.ActiveCfg = Debug|Any CPU
		{1B5533B8-DFCD-4F19-9EAB-438633E7C00B}.DebugNoTimeout|x86.Build.0 = Debug|Any CPU
		{1B5533B8-DFCD-4F19-9EAB-438633E7C00B}.Release|Any CPU.ActiveCfg = Release|Any CPU
		{1B5533B8-DFCD-4F19-9EAB-438633E7C00B}.Release|Any CPU.Build.0 = Release|Any CPU
		{1B5533B8-DFCD-4F19-9EAB-438633E7C00B}.Release|Mixed Platforms.ActiveCfg = Release|Any CPU
		{1B5533B8-DFCD-4F19-9EAB-438633E7C00B}.Release|Mixed Platforms.Build.0 = Release|Any CPU
		{1B5533B8-DFCD-4F19-9EAB-438633E7C00B}.Release|x64.ActiveCfg = Release|Any CPU
		{1B5533B8-DFCD-4F19-9EAB-438633E7C00B}.Release|x64.Build.0 = Release|Any CPU
		{1B5533B8-DFCD-4F19-9EAB-438633E7C00B}.Release|x86.ActiveCfg = Release|Any CPU
		{1B5533B8-DFCD-4F19-9EAB-438633E7C00B}.Release|x86.Build.0 = Release|Any CPU
		{1B5533B8-DFCD-4F19-9EAB-438633E7C00B}.ReleaseFW2|Any CPU.ActiveCfg = Release|Any CPU
		{1B5533B8-DFCD-4F19-9EAB-438633E7C00B}.ReleaseFW2|Any CPU.Build.0 = Release|Any CPU
		{1B5533B8-DFCD-4F19-9EAB-438633E7C00B}.ReleaseFW2|Mixed Platforms.ActiveCfg = Release|Any CPU
		{1B5533B8-DFCD-4F19-9EAB-438633E7C00B}.ReleaseFW2|Mixed Platforms.Build.0 = Release|Any CPU
		{1B5533B8-DFCD-4F19-9EAB-438633E7C00B}.ReleaseFW2|x64.ActiveCfg = Release|Any CPU
		{1B5533B8-DFCD-4F19-9EAB-438633E7C00B}.ReleaseFW2|x64.Build.0 = Release|Any CPU
		{1B5533B8-DFCD-4F19-9EAB-438633E7C00B}.ReleaseFW2|x86.ActiveCfg = Release|Any CPU
		{1B5533B8-DFCD-4F19-9EAB-438633E7C00B}.ReleaseFW2|x86.Build.0 = Release|Any CPU
		{2F5F8C90-0BD1-424F-997C-7BC6280919D1}.Debug|Any CPU.ActiveCfg = Debug|Any CPU
		{2F5F8C90-0BD1-424F-997C-7BC6280919D1}.Debug|Any CPU.Build.0 = Debug|Any CPU
		{2F5F8C90-0BD1-424F-997C-7BC6280919D1}.Debug|Mixed Platforms.ActiveCfg = Debug|Any CPU
		{2F5F8C90-0BD1-424F-997C-7BC6280919D1}.Debug|Mixed Platforms.Build.0 = Debug|Any CPU
		{2F5F8C90-0BD1-424F-997C-7BC6280919D1}.Debug|x64.ActiveCfg = Debug|Any CPU
		{2F5F8C90-0BD1-424F-997C-7BC6280919D1}.Debug|x64.Build.0 = Debug|Any CPU
		{2F5F8C90-0BD1-424F-997C-7BC6280919D1}.Debug|x86.ActiveCfg = Debug|Any CPU
		{2F5F8C90-0BD1-424F-997C-7BC6280919D1}.Debug|x86.Build.0 = Debug|Any CPU
		{2F5F8C90-0BD1-424F-997C-7BC6280919D1}.DebugNoTimeout|Any CPU.ActiveCfg = Debug|Any CPU
		{2F5F8C90-0BD1-424F-997C-7BC6280919D1}.DebugNoTimeout|Any CPU.Build.0 = Debug|Any CPU
		{2F5F8C90-0BD1-424F-997C-7BC6280919D1}.DebugNoTimeout|Mixed Platforms.ActiveCfg = Debug|Any CPU
		{2F5F8C90-0BD1-424F-997C-7BC6280919D1}.DebugNoTimeout|Mixed Platforms.Build.0 = Debug|Any CPU
		{2F5F8C90-0BD1-424F-997C-7BC6280919D1}.DebugNoTimeout|x64.ActiveCfg = Debug|Any CPU
		{2F5F8C90-0BD1-424F-997C-7BC6280919D1}.DebugNoTimeout|x64.Build.0 = Debug|Any CPU
		{2F5F8C90-0BD1-424F-997C-7BC6280919D1}.DebugNoTimeout|x86.ActiveCfg = Debug|Any CPU
		{2F5F8C90-0BD1-424F-997C-7BC6280919D1}.DebugNoTimeout|x86.Build.0 = Debug|Any CPU
		{2F5F8C90-0BD1-424F-997C-7BC6280919D1}.Release|Any CPU.ActiveCfg = Release|Any CPU
		{2F5F8C90-0BD1-424F-997C-7BC6280919D1}.Release|Any CPU.Build.0 = Release|Any CPU
		{2F5F8C90-0BD1-424F-997C-7BC6280919D1}.Release|Mixed Platforms.ActiveCfg = Release|Any CPU
		{2F5F8C90-0BD1-424F-997C-7BC6280919D1}.Release|Mixed Platforms.Build.0 = Release|Any CPU
		{2F5F8C90-0BD1-424F-997C-7BC6280919D1}.Release|x64.ActiveCfg = Release|Any CPU
		{2F5F8C90-0BD1-424F-997C-7BC6280919D1}.Release|x64.Build.0 = Release|Any CPU
		{2F5F8C90-0BD1-424F-997C-7BC6280919D1}.Release|x86.ActiveCfg = Release|Any CPU
		{2F5F8C90-0BD1-424F-997C-7BC6280919D1}.Release|x86.Build.0 = Release|Any CPU
		{2F5F8C90-0BD1-424F-997C-7BC6280919D1}.ReleaseFW2|Any CPU.ActiveCfg = Release|Any CPU
		{2F5F8C90-0BD1-424F-997C-7BC6280919D1}.ReleaseFW2|Any CPU.Build.0 = Release|Any CPU
		{2F5F8C90-0BD1-424F-997C-7BC6280919D1}.ReleaseFW2|Mixed Platforms.ActiveCfg = Release|Any CPU
		{2F5F8C90-0BD1-424F-997C-7BC6280919D1}.ReleaseFW2|Mixed Platforms.Build.0 = Release|Any CPU
		{2F5F8C90-0BD1-424F-997C-7BC6280919D1}.ReleaseFW2|x64.ActiveCfg = Release|Any CPU
		{2F5F8C90-0BD1-424F-997C-7BC6280919D1}.ReleaseFW2|x64.Build.0 = Release|Any CPU
		{2F5F8C90-0BD1-424F-997C-7BC6280919D1}.ReleaseFW2|x86.ActiveCfg = Release|Any CPU
		{2F5F8C90-0BD1-424F-997C-7BC6280919D1}.ReleaseFW2|x86.Build.0 = Release|Any CPU
		{9552311D-F6B4-43F6-8859-7C3B41A4311D}.Debug|Any CPU.ActiveCfg = Debug|x86
		{9552311D-F6B4-43F6-8859-7C3B41A4311D}.Debug|Mixed Platforms.ActiveCfg = Debug|x86
		{9552311D-F6B4-43F6-8859-7C3B41A4311D}.Debug|Mixed Platforms.Build.0 = Debug|x86
		{9552311D-F6B4-43F6-8859-7C3B41A4311D}.Debug|x64.ActiveCfg = Debug|x86
		{9552311D-F6B4-43F6-8859-7C3B41A4311D}.Debug|x86.ActiveCfg = Debug|x86
		{9552311D-F6B4-43F6-8859-7C3B41A4311D}.Debug|x86.Build.0 = Debug|x86
		{9552311D-F6B4-43F6-8859-7C3B41A4311D}.DebugNoTimeout|Any CPU.ActiveCfg = Release|x86
		{9552311D-F6B4-43F6-8859-7C3B41A4311D}.DebugNoTimeout|Any CPU.Build.0 = Release|x86
		{9552311D-F6B4-43F6-8859-7C3B41A4311D}.DebugNoTimeout|Mixed Platforms.ActiveCfg = Debug|x86
		{9552311D-F6B4-43F6-8859-7C3B41A4311D}.DebugNoTimeout|Mixed Platforms.Build.0 = Debug|x86
		{9552311D-F6B4-43F6-8859-7C3B41A4311D}.DebugNoTimeout|x64.ActiveCfg = Release|x86
		{9552311D-F6B4-43F6-8859-7C3B41A4311D}.DebugNoTimeout|x64.Build.0 = Release|x86
		{9552311D-F6B4-43F6-8859-7C3B41A4311D}.DebugNoTimeout|x86.ActiveCfg = Debug|x86
		{9552311D-F6B4-43F6-8859-7C3B41A4311D}.DebugNoTimeout|x86.Build.0 = Debug|x86
		{9552311D-F6B4-43F6-8859-7C3B41A4311D}.Release|Any CPU.ActiveCfg = Release|x86
		{9552311D-F6B4-43F6-8859-7C3B41A4311D}.Release|Mixed Platforms.ActiveCfg = Release|x86
		{9552311D-F6B4-43F6-8859-7C3B41A4311D}.Release|Mixed Platforms.Build.0 = Release|x86
		{9552311D-F6B4-43F6-8859-7C3B41A4311D}.Release|x64.ActiveCfg = Release|x86
		{9552311D-F6B4-43F6-8859-7C3B41A4311D}.Release|x86.ActiveCfg = Release|x86
		{9552311D-F6B4-43F6-8859-7C3B41A4311D}.Release|x86.Build.0 = Release|x86
		{9552311D-F6B4-43F6-8859-7C3B41A4311D}.ReleaseFW2|Any CPU.ActiveCfg = Release|x86
		{9552311D-F6B4-43F6-8859-7C3B41A4311D}.ReleaseFW2|Any CPU.Build.0 = Release|x86
		{9552311D-F6B4-43F6-8859-7C3B41A4311D}.ReleaseFW2|Mixed Platforms.ActiveCfg = Release|x86
		{9552311D-F6B4-43F6-8859-7C3B41A4311D}.ReleaseFW2|Mixed Platforms.Build.0 = Release|x86
		{9552311D-F6B4-43F6-8859-7C3B41A4311D}.ReleaseFW2|x64.ActiveCfg = Release|x86
		{9552311D-F6B4-43F6-8859-7C3B41A4311D}.ReleaseFW2|x64.Build.0 = Release|x86
		{9552311D-F6B4-43F6-8859-7C3B41A4311D}.ReleaseFW2|x86.ActiveCfg = Release|x86
		{9552311D-F6B4-43F6-8859-7C3B41A4311D}.ReleaseFW2|x86.Build.0 = Release|x86
	EndGlobalSection
	GlobalSection(SolutionProperties) = preSolution
		HideSolutionNode = FALSE
	EndGlobalSection
EndGlobal
